{
  "name": "timestamptube",
  "version": "1.0.0",
  "lockfileVersion": 3,
  "requires": true,
  "packages": {
    "": {
      "name": "timestamptube",
      "version": "1.0.0",
      "license": "ISC",
      "dependencies": {
        "chrome-types": "^0.1.194"
      }
    },
    "node_modules/chrome-types": {
      "version": "0.1.194",
      "resolved": "https://registry.npmjs.org/chrome-types/-/chrome-types-0.1.194.tgz",
      "integrity": "sha512-LQlRmvgoaJX+T9hf7nFZZ2+k8QVTvMmLLUjRgG2fWwgRH+VOsKb44OMKBAucSrkSg7OcTP2StdWHQEsvIJUT7Q=="
    }
  }
}
